
Microsoft Visual Studio Solution File, Format Version 12.00
# Visual Studio Version 17
VisualStudioVersion = 17.9.34728.123
MinimumVisualStudioVersion = 10.0.40219.1
Project("{FAE04EC0-301F-11D3-BF4B-00C04F79EFBC}") = "ConsoleApp1", "ConsoleApp1\ConsoleApp1.csproj", "{6F6A3441-A237-4D32-892D-0C16DA2E611D}"
EndProject
Project("{FAE04EC0-301F-11D3-BF4B-00C04F79EFBC}") = "ConsoleApp2", "ConsoleApp2\ConsoleApp2.csproj", "{AC36C298-457F-4FAD-944B-445CAE01988B}"
EndProject
Project("{FAE04EC0-301F-11D3-BF4B-00C04F79EFBC}") = "ConsoleApp3", "ConsoleApp3\ConsoleApp3.csproj", "{F76235F3-E15B-47CF-8886-2CA9A940071A}"
EndProject
Project("{FAE04EC0-301F-11D3-BF4B-00C04F79EFBC}") = "ConsoleApp4", "ConsoleApp4\ConsoleApp4.csproj", "{00E6D5CA-4EE2-4FFD-8B77-D9E4132B9AE3}"
EndProject
Global
	GlobalSection(SolutionConfigurationPlatforms) = preSolution
		Debug|Any CPU = Debug|Any CPU
		Release|Any CPU = Release|Any CPU
	EndGlobalSection
	GlobalSection(ProjectConfigurationPlatforms) = postSolution
		{6F6A3441-A237-4D32-892D-0C16DA2E611D}.Debug|Any CPU.ActiveCfg = Debug|Any CPU
		{6F6A3441-A237-4D32-892D-0C16DA2E611D}.Debug|Any CPU.Build.0 = Debug|Any CPU
		{6F6A3441-A237-4D32-892D-0C16DA2E611D}.Release|Any CPU.ActiveCfg = Release|Any CPU
		{6F6A3441-A237-4D32-892D-0C16DA2E611D}.Release|Any CPU.Build.0 = Release|Any CPU
		{AC36C298-457F-4FAD-944B-445CAE01988B}.Debug|Any CPU.ActiveCfg = Debug|Any CPU
		{AC36C298-457F-4FAD-944B-445CAE01988B}.Debug|Any CPU.Build.0 = Debug|Any CPU
		{AC36C298-457F-4FAD-944B-445CAE01988B}.Release|Any CPU.ActiveCfg = Release|Any CPU
		{AC36C298-457F-4FAD-944B-445CAE01988B}.Release|Any CPU.Build.0 = Release|Any CPU
		{F76235F3-E15B-47CF-8886-2CA9A940071A}.Debug|Any CPU.ActiveCfg = Debug|Any CPU
		{F76235F3-E15B-47CF-8886-2CA9A940071A}.Debug|Any CPU.Build.0 = Debug|Any CPU
		{F76235F3-E15B-47CF-8886-2CA9A940071A}.Release|Any CPU.ActiveCfg = Release|Any CPU
		{F76235F3-E15B-47CF-8886-2CA9A940071A}.Release|Any CPU.Build.0 = Release|Any CPU
		{00E6D5CA-4EE2-4FFD-8B77-D9E4132B9AE3}.Debug|Any CPU.ActiveCfg = Debug|Any CPU
		{00E6D5CA-4EE2-4FFD-8B77-D9E4132B9AE3}.Debug|Any CPU.Build.0 = Debug|Any CPU
		{00E6D5CA-4EE2-4FFD-8B77-D9E4132B9AE3}.Release|Any CPU.ActiveCfg = Release|Any CPU
		{00E6D5CA-4EE2-4FFD-8B77-D9E4132B9AE3}.Release|Any CPU.Build.0 = Release|Any CPU
	EndGlobalSection
	GlobalSection(SolutionProperties) = preSolution
		HideSolutionNode = FALSE
	EndGlobalSection
	GlobalSection(ExtensibilityGlobals) = postSolution
		SolutionGuid = {5CD507FA-21F7-4AAE-A3DB-3CE8E2A57CE0}
	EndGlobalSection
EndGlobal
